
Microsoft Visual Studio Solution File, Format Version 12.00
# Visual Studio 15
VisualStudioVersion = 15.0.26730.12
MinimumVisualStudioVersion = 10.0.40219.1
Project("{FAE04EC0-301F-11D3-BF4B-00C04F79EFBC}") = "ParallelDots", "ParallelDots\ParallelDots.csproj", "{00FA6654-1324-40C3-AE29-844FB2BA1C9F}"
EndProject
Global
	GlobalSection(SolutionConfigurationPlatforms) = preSolution
		Debug|Any CPU = Debug|Any CPU
		Release|Any CPU = Release|Any CPU
	EndGlobalSection
	GlobalSection(ProjectConfigurationPlatforms) = postSolution
		{00FA6654-1324-40C3-AE29-844FB2BA1C9F}.Debug|Any CPU.ActiveCfg = Debug|Any CPU
		{00FA6654-1324-40C3-AE29-844FB2BA1C9F}.Debug|Any CPU.Build.0 = Debug|Any CPU
		{00FA6654-1324-40C3-AE29-844FB2BA1C9F}.Release|Any CPU.ActiveCfg = Release|Any CPU
		{00FA6654-1324-40C3-AE29-844FB2BA1C9F}.Release|Any CPU.Build.0 = Release|Any CPU
	EndGlobalSection
	GlobalSection(SolutionProperties) = preSolution
		HideSolutionNode = FALSE
	EndGlobalSection
	GlobalSection(ExtensibilityGlobals) = postSolution
		SolutionGuid = {D85496E2-27DA-413C-8C5A-811D236A6AA1}
	EndGlobalSection
EndGlobal
